
Microsoft Visual Studio Solution File, Format Version 12.00
# Visual Studio Version 18
VisualStudioVersion = 18.3.11222.16
MinimumVisualStudioVersion = 10.0.40219.1
Project("{2150E333-8FDC-42A3-9474-1A3956D46DE8}") = "Api", "Api", "{D82C56D6-B2CD-F611-9E31-04638F7EC30E}"
EndProject
Project("{FAE04EC0-301F-11D3-BF4B-00C04F79EFBC}") = "VisioAnalytica.Api", "Api\VisioAnalytica.Api.csproj", "{7786D41B-973E-4C04-B847-3D4F27B49DE6}"
EndProject
Project("{2150E333-8FDC-42A3-9474-1A3956D46DE8}") = "Apps", "Apps", "{1787FE1D-075E-9E68-7218-25F1BD1BBEAB}"
EndProject
Project("{FAE04EC0-301F-11D3-BF4B-00C04F79EFBC}") = "VisioAnalytica.App.Risk", "Apps\VisioAnalytica.App.Risk\VisioAnalytica.App.Risk.csproj", "{ADFAAB68-A8A8-4F09-B1A2-4C229C94CDBE}"
EndProject
Project("{FAE04EC0-301F-11D3-BF4B-00C04F79EFBC}") = "VisioAnalytica.Web.Admin", "Apps\VisioAnalytica.Web.Admin\VisioAnalytica.Web.Admin.csproj", "{EC1EBB43-2034-400B-8280-BBF115F7505D}"
EndProject
Project("{2150E333-8FDC-42A3-9474-1A3956D46DE8}") = "Core", "Core", "{FBF56CC3-7AE6-AD2D-3F14-7F97FD322CD6}"
EndProject
Project("{FAE04EC0-301F-11D3-BF4B-00C04F79EFBC}") = "VisioAnalytica.Core", "Core\VisioAnalytica.Core.csproj", "{7C909210-49F4-41C4-93C5-0AB20037C2A9}"
EndProject
Project("{2150E333-8FDC-42A3-9474-1A3956D46DE8}") = "Infrastructure", "Infrastructure", "{DFEE68D8-A7D0-1A41-506C-9B74AA9A7B7B}"
EndProject
Project("{FAE04EC0-301F-11D3-BF4B-00C04F79EFBC}") = "VisioAnalytica.Infrastructure", "Infrastructure\VisioAnalytica.Infrastructure.csproj", "{3A9EF5E0-523F-4B27-A424-45DD486BD73C}"
EndProject
Project("{FAE04EC0-301F-11D3-BF4B-00C04F79EFBC}") = "VisioAnalytica.Api.Tests", "..\tests\VisioAnalytica.Api.Tests\VisioAnalytica.Api.Tests.csproj", "{AA452E80-2E21-4BD7-AC9F-19CA203BF42F}"
EndProject
Project("{FAE04EC0-301F-11D3-BF4B-00C04F79EFBC}") = "VisioAnalytica.Core.Tests", "..\tests\VisioAnalytica.Core.Tests\VisioAnalytica.Core.Tests.csproj", "{CA0F0BE0-666D-44E8-B753-D4EEF4D1ADBA}"
EndProject
Global
	GlobalSection(SolutionConfigurationPlatforms) = preSolution
		Debug|Any CPU = Debug|Any CPU
		Debug|x64 = Debug|x64
		Debug|x86 = Debug|x86
		Release|Any CPU = Release|Any CPU
		Release|x64 = Release|x64
		Release|x86 = Release|x86
	EndGlobalSection
	GlobalSection(ProjectConfigurationPlatforms) = postSolution
		{7786D41B-973E-4C04-B847-3D4F27B49DE6}.Debug|Any CPU.ActiveCfg = Debug|Any CPU
		{7786D41B-973E-4C04-B847-3D4F27B49DE6}.Debug|Any CPU.Build.0 = Debug|Any CPU
		{7786D41B-973E-4C04-B847-3D4F27B49DE6}.Debug|x64.ActiveCfg = Debug|Any CPU
		{7786D41B-973E-4C04-B847-3D4F27B49DE6}.Debug|x64.Build.0 = Debug|Any CPU
		{7786D41B-973E-4C04-B847-3D4F27B49DE6}.Debug|x86.ActiveCfg = Debug|Any CPU
		{7786D41B-973E-4C04-B847-3D4F27B49DE6}.Debug|x86.Build.0 = Debug|Any CPU
		{7786D41B-973E-4C04-B847-3D4F27B49DE6}.Release|Any CPU.ActiveCfg = Release|Any CPU
		{7786D41B-973E-4C04-B847-3D4F27B49DE6}.Release|Any CPU.Build.0 = Release|Any CPU
		{7786D41B-973E-4C04-B847-3D4F27B49DE6}.Release|x64.ActiveCfg = Release|Any CPU
		{7786D41B-973E-4C04-B847-3D4F27B49DE6}.Release|x64.Build.0 = Release|Any CPU
		{7786D41B-973E-4C04-B847-3D4F27B49DE6}.Release|x86.ActiveCfg = Release|Any CPU
		{7786D41B-973E-4C04-B847-3D4F27B49DE6}.Release|x86.Build.0 = Release|Any CPU
		{ADFAAB68-A8A8-4F09-B1A2-4C229C94CDBE}.Debug|Any CPU.ActiveCfg = Debug|Any CPU
		{ADFAAB68-A8A8-4F09-B1A2-4C229C94CDBE}.Debug|Any CPU.Build.0 = Debug|Any CPU
		{ADFAAB68-A8A8-4F09-B1A2-4C229C94CDBE}.Debug|Any CPU.Deploy.0 = Debug|Any CPU
		{ADFAAB68-A8A8-4F09-B1A2-4C229C94CDBE}.Debug|x64.ActiveCfg = Debug|Any CPU
		{ADFAAB68-A8A8-4F09-B1A2-4C229C94CDBE}.Debug|x64.Build.0 = Debug|Any CPU
		{ADFAAB68-A8A8-4F09-B1A2-4C229C94CDBE}.Debug|x86.ActiveCfg = Debug|Any CPU
		{ADFAAB68-A8A8-4F09-B1A2-4C229C94CDBE}.Debug|x86.Build.0 = Debug|Any CPU
		{ADFAAB68-A8A8-4F09-B1A2-4C229C94CDBE}.Release|Any CPU.ActiveCfg = Release|Any CPU
		{ADFAAB68-A8A8-4F09-B1A2-4C229C94CDBE}.Release|Any CPU.Build.0 = Release|Any CPU
		{ADFAAB68-A8A8-4F09-B1A2-4C229C94CDBE}.Release|x64.ActiveCfg = Release|Any CPU
		{ADFAAB68-A8A8-4F09-B1A2-4C229C94CDBE}.Release|x64.Build.0 = Release|Any CPU
		{ADFAAB68-A8A8-4F09-B1A2-4C229C94CDBE}.Release|x86.ActiveCfg = Release|Any CPU
		{ADFAAB68-A8A8-4F09-B1A2-4C229C94CDBE}.Release|x86.Build.0 = Release|Any CPU
		{EC1EBB43-2034-400B-8280-BBF115F7505D}.Debug|Any CPU.ActiveCfg = Debug|Any CPU
		{EC1EBB43-2034-400B-8280-BBF115F7505D}.Debug|Any CPU.Build.0 = Debug|Any CPU
		{EC1EBB43-2034-400B-8280-BBF115F7505D}.Debug|x64.ActiveCfg = Debug|Any CPU
		{EC1EBB43-2034-400B-8280-BBF115F7505D}.Debug|x64.Build.0 = Debug|Any CPU
		{EC1EBB43-2034-400B-8280-BBF115F7505D}.Debug|x86.ActiveCfg = Debug|Any CPU
		{EC1EBB43-2034-400B-8280-BBF115F7505D}.Debug|x86.Build.0 = Debug|Any CPU
		{EC1EBB43-2034-400B-8280-BBF115F7505D}.Release|Any CPU.ActiveCfg = Release|Any CPU
		{EC1EBB43-2034-400B-8280-BBF115F7505D}.Release|Any CPU.Build.0 = Release|Any CPU
		{EC1EBB43-2034-400B-8280-BBF115F7505D}.Release|x64.ActiveCfg = Release|Any CPU
		{EC1EBB43-2034-400B-8280-BBF115F7505D}.Release|x64.Build.0 = Release|Any CPU
		{EC1EBB43-2034-400B-8280-BBF115F7505D}.Release|x86.ActiveCfg = Release|Any CPU
		{EC1EBB43-2034-400B-8280-BBF115F7505D}.Release|x86.Build.0 = Release|Any CPU
		{7C909210-49F4-41C4-93C5-0AB20037C2A9}.Debug|Any CPU.ActiveCfg = Debug|Any CPU
		{7C909210-49F4-41C4-93C5-0AB20037C2A9}.Debug|Any CPU.Build.0 = Debug|Any CPU
		{7C909210-49F4-41C4-93C5-0AB20037C2A9}.Debug|x64.ActiveCfg = Debug|Any CPU
		{7C909210-49F4-41C4-93C5-0AB20037C2A9}.Debug|x64.Build.0 = Debug|Any CPU
		{7C909210-49F4-41C4-93C5-0AB20037C2A9}.Debug|x86.ActiveCfg = Debug|Any CPU
		{7C909210-49F4-41C4-93C5-0AB20037C2A9}.Debug|x86.Build.0 = Debug|Any CPU
		{7C909210-49F4-41C4-93C5-0AB20037C2A9}.Release|Any CPU.ActiveCfg = Release|Any CPU
		{7C909210-49F4-41C4-93C5-0AB20037C2A9}.Release|Any CPU.Build.0 = Release|Any CPU
		{7C909210-49F4-41C4-93C5-0AB20037C2A9}.Release|x64.ActiveCfg = Release|Any CPU
		{7C909210-49F4-41C4-93C5-0AB20037C2A9}.Release|x64.Build.0 = Release|Any CPU
		{7C909210-49F4-41C4-93C5-0AB20037C2A9}.Release|x86.ActiveCfg = Release|Any CPU
		{7C909210-49F4-41C4-93C5-0AB20037C2A9}.Release|x86.Build.0 = Release|Any CPU
		{3A9EF5E0-523F-4B27-A424-45DD486BD73C}.Debug|Any CPU.ActiveCfg = Debug|Any CPU
		{3A9EF5E0-523F-4B27-A424-45DD486BD73C}.Debug|Any CPU.Build.0 = Debug|Any CPU
		{3A9EF5E0-523F-4B27-A424-45DD486BD73C}.Debug|x64.ActiveCfg = Debug|Any CPU
		{3A9EF5E0-523F-4B27-A424-45DD486BD73C}.Debug|x64.Build.0 = Debug|Any CPU
		{3A9EF5E0-523F-4B27-A424-45DD486BD73C}.Debug|x86.ActiveCfg = Debug|Any CPU
		{3A9EF5E0-523F-4B27-A424-45DD486BD73C}.Debug|x86.Build.0 = Debug|Any CPU
		{3A9EF5E0-523F-4B27-A424-45DD486BD73C}.Release|Any CPU.ActiveCfg = Release|Any CPU
		{3A9EF5E0-523F-4B27-A424-45DD486BD73C}.Release|Any CPU.Build.0 = Release|Any CPU
		{3A9EF5E0-523F-4B27-A424-45DD486BD73C}.Release|x64.ActiveCfg = Release|Any CPU
		{3A9EF5E0-523F-4B27-A424-45DD486BD73C}.Release|x64.Build.0 = Release|Any CPU
		{3A9EF5E0-523F-4B27-A424-45DD486BD73C}.Release|x86.ActiveCfg = Release|Any CPU
		{3A9EF5E0-523F-4B27-A424-45DD486BD73C}.Release|x86.Build.0 = Release|Any CPU
		{AA452E80-2E21-4BD7-AC9F-19CA203BF42F}.Debug|Any CPU.ActiveCfg = Debug|Any CPU
		{AA452E80-2E21-4BD7-AC9F-19CA203BF42F}.Debug|Any CPU.Build.0 = Debug|Any CPU
		{AA452E80-2E21-4BD7-AC9F-19CA203BF42F}.Debug|x64.ActiveCfg = Debug|Any CPU
		{AA452E80-2E21-4BD7-AC9F-19CA203BF42F}.Debug|x64.Build.0 = Debug|Any CPU
		{AA452E80-2E21-4BD7-AC9F-19CA203BF42F}.Debug|x86.ActiveCfg = Debug|Any CPU
		{AA452E80-2E21-4BD7-AC9F-19CA203BF42F}.Debug|x86.Build.0 = Debug|Any CPU
		{AA452E80-2E21-4BD7-AC9F-19CA203BF42F}.Release|Any CPU.ActiveCfg = Release|Any CPU
		{AA452E80-2E21-4BD7-AC9F-19CA203BF42F}.Release|Any CPU.Build.0 = Release|Any CPU
		{AA452E80-2E21-4BD7-AC9F-19CA203BF42F}.Release|x64.ActiveCfg = Release|Any CPU
		{AA452E80-2E21-4BD7-AC9F-19CA203BF42F}.Release|x64.Build.0 = Release|Any CPU
		{AA452E80-2E21-4BD7-AC9F-19CA203BF42F}.Release|x86.ActiveCfg = Release|Any CPU
		{AA452E80-2E21-4BD7-AC9F-19CA203BF42F}.Release|x86.Build.0 = Release|Any CPU
		{CA0F0BE0-666D-44E8-B753-D4EEF4D1ADBA}.Debug|Any CPU.ActiveCfg = Debug|Any CPU
		{CA0F0BE0-666D-44E8-B753-D4EEF4D1ADBA}.Debug|Any CPU.Build.0 = Debug|Any CPU
		{CA0F0BE0-666D-44E8-B753-D4EEF4D1ADBA}.Debug|x64.ActiveCfg = Debug|Any CPU
		{CA0F0BE0-666D-44E8-B753-D4EEF4D1ADBA}.Debug|x64.Build.0 = Debug|Any CPU
		{CA0F0BE0-666D-44E8-B753-D4EEF4D1ADBA}.Debug|x86.ActiveCfg = Debug|Any CPU
		{CA0F0BE0-666D-44E8-B753-D4EEF4D1ADBA}.Debug|x86.Build.0 = Debug|Any CPU
		{CA0F0BE0-666D-44E8-B753-D4EEF4D1ADBA}.Release|Any CPU.ActiveCfg = Release|Any CPU
		{CA0F0BE0-666D-44E8-B753-D4EEF4D1ADBA}.Release|Any CPU.Build.0 = Release|Any CPU
		{CA0F0BE0-666D-44E8-B753-D4EEF4D1ADBA}.Release|x64.ActiveCfg = Release|Any CPU
		{CA0F0BE0-666D-44E8-B753-D4EEF4D1ADBA}.Release|x64.Build.0 = Release|Any CPU
		{CA0F0BE0-666D-44E8-B753-D4EEF4D1ADBA}.Release|x86.ActiveCfg = Release|Any CPU
		{CA0F0BE0-666D-44E8-B753-D4EEF4D1ADBA}.Release|x86.Build.0 = Release|Any CPU
	EndGlobalSection
	GlobalSection(SolutionProperties) = preSolution
		HideSolutionNode = FALSE
	EndGlobalSection
	GlobalSection(NestedProjects) = preSolution
		{7786D41B-973E-4C04-B847-3D4F27B49DE6} = {D82C56D6-B2CD-F611-9E31-04638F7EC30E}
		{ADFAAB68-A8A8-4F09-B1A2-4C229C94CDBE} = {1787FE1D-075E-9E68-7218-25F1BD1BBEAB}
		{EC1EBB43-2034-400B-8280-BBF115F7505D} = {1787FE1D-075E-9E68-7218-25F1BD1BBEAB}
		{7C909210-49F4-41C4-93C5-0AB20037C2A9} = {FBF56CC3-7AE6-AD2D-3F14-7F97FD322CD6}
		{3A9EF5E0-523F-4B27-A424-45DD486BD73C} = {DFEE68D8-A7D0-1A41-506C-9B74AA9A7B7B}
	EndGlobalSection
	GlobalSection(ExtensibilityGlobals) = postSolution
		SolutionGuid = {6C80BA8A-3D8D-47B4-A6B3-90B1453E296D}
	EndGlobalSection
EndGlobal
